{
  "name": "ProyectoUnidadTRIUM web",
  "lockfileVersion": 3,
  "requires": true,
  "packages": {
    "": {
      "dependencies": {
        "@fancyapps/ui": "^6.1.4"
      }
    },
    "node_modules/@fancyapps/ui": {
      "version": "6.1.4",
      "resolved": "https://registry.npmjs.org/@fancyapps/ui/-/ui-6.1.4.tgz",
      "integrity": "sha512-8Zy9L32nFdRUkg3HH3LzxTrJYIaZIqWoxX9F5qx3GaegWUPkiB4RDRaiZCaT/9ZSjxcNH1ZrkzYC/PkMRsyj+Q==",
      "license": "SEE LICENSE IN LICENSE.md"
    }
  }
}
